lockVersion: 2.0.0
id: c1c133bc-a479-4644-9181-22f93c6e50ac
management:
  docChecksum: 30bf5083f36252580f15a835a20d0007
  docVersion: "1.0"
  speakeasyVersion: internal
  generationVersion: 2.272.7
  releaseVersion: 0.0.1
  configChecksum: ec7ec6a76950338c110be920d7464a91
features:
  go:
    additionalProperties: 0.1.2
    constsAndDefaults: 0.1.3
    core: 3.4.3
    globalSecurity: 2.82.8
    globalServerURLs: 2.82.1
generatedFiles:
  - clusterapi.go
  - sdk.go
  - go.mod
  - models/sdkerrors/sdkerror.go
  - types/bigint.go
  - types/date.go
  - types/datetime.go
  - types/decimal.go
  - types/pointers.go
  - internal/utils/contenttype.go
  - internal/utils/form.go
  - internal/utils/headers.go
  - internal/utils/json.go
  - internal/utils/pathparams.go
  - internal/utils/queryparams.go
  - internal/utils/requestbody.go
  - internal/utils/retries.go
  - internal/utils/security.go
  - internal/utils/utils.go
  - /models/operations/clusterapilistclusters.go
  - /models/components/googlerpcstatus.go
  - /models/components/protobufany1.go
  - /models/components/protobufany.go
  - /models/components/configclusterstatuslist.go
  - /models/components/configclusterstatus.go
  - /models/components/configclustermetrics.go
  - /models/components/configclusterappinstanceinfo.go
  - /models/components/configpodstatus.go
  - /models/components/confignodestatus.go
  - /models/components/configresourceusagemetrics.go
  - /models/components/configcluster.go
  - /models/components/commonclusterckpprovider.go
  - /models/components/commonawsclusterprovider.go
  - /models/components/commonbyohprovider.go
  - /models/components/commonclusterckpprovidertype.go
  - /models/components/commonproxyinfo.go
  - /models/components/clusterlcstate.go
  - /models/components/commonclustergkeinfo.go
  - /models/components/commonclustergkenodepoolinfo.go
  - /models/components/commonclusteraksinfo.go
  - /models/components/commonclusteraksnodeinfo.go
  - /models/components/commonclusteraksusernodegroupinfo.go
  - /models/components/commonclusterakssysnodegroupinfo.go
  - /models/components/commonclustereksinfo.go
  - /models/components/commonclustereksnodegroupinfo.go
  - /models/components/configtimezone.go
  - /models/components/configclusterlocationresp.go
  - /models/components/configclusterlocationrespgeolocation.go
  - /models/components/clusterlocationcoordinates.go
  - /models/components/configclusterlocationtype.go
  - /models/components/commonclustermachinehostinfo.go
  - /models/components/commonclusterkubeinfo.go
  - /models/components/configclusterplatforminfo.go
  - /models/components/clusterplatforminfoplatform.go
  - /models/components/configclusterapiversion.go
  - /models/components/configclusterkey.go
  - /models/components/security.go
  - docs/models/operations/state.md
  - docs/models/operations/clusterapilistclustersrequest.md
  - docs/models/operations/clusterapilistclustersresponse.md
  - docs/models/components/googlerpcstatus.md
  - docs/models/components/protobufany1.md
  - docs/models/components/protobufany.md
  - docs/models/components/configclusterstatuslist.md
  - docs/models/components/configclusterstatus.md
  - docs/models/components/configclustermetrics.md
  - docs/models/components/configclusterappinstanceinfo.md
  - docs/models/components/configpodstatus.md
  - docs/models/components/confignodestatus.md
  - docs/models/components/configresourceusagemetrics.md
  - docs/models/components/configcluster.md
  - docs/models/components/commonclusterckpprovider.md
  - docs/models/components/commonawsclusterprovider.md
  - docs/models/components/commonbyohprovider.md
  - docs/models/components/commonclusterckpprovidertype.md
  - docs/models/components/commonproxyinfo.md
  - docs/models/components/clusterlcstate.md
  - docs/models/components/commonclustergkeinfo.md
  - docs/models/components/commonclustergkenodepoolinfo.md
  - docs/models/components/commonclusteraksinfo.md
  - docs/models/components/commonclusteraksnodeinfo.md
  - docs/models/components/commonclusteraksusernodegroupinfo.md
  - docs/models/components/commonclusterakssysnodegroupinfo.md
  - docs/models/components/commonclustereksinfo.md
  - docs/models/components/commonclustereksnodegroupinfo.md
  - docs/models/components/configtimezone.md
  - docs/models/components/configclusterlocationresp.md
  - docs/models/components/configclusterlocationrespgeolocation.md
  - docs/models/components/clusterlocationcoordinates.md
  - docs/models/components/configclusterlocationtype.md
  - docs/models/components/commonclustermachinehostinfo.md
  - docs/models/components/commonclusterkubeinfo.md
  - docs/models/components/configclusterplatforminfo.md
  - docs/models/components/clusterplatforminfoplatform.md
  - docs/models/components/configclusterapiversion.md
  - docs/models/components/configclusterkey.md
  - docs/models/components/security.md
  - docs/sdks/sdk/README.md
  - docs/sdks/clusterapi/README.md
  - USAGE.md
  - .gitattributes
  - internal/hooks/hooks.go
